Microsoft Visual Studio Solution File, Format Version 12.00
# Visual Studio Version 17
VisualStudioVersion = 17.13.35913.81
MinimumVisualStudioVersion = 10.0.40219.1
Project("{FAE04EC0-301F-11D3-BF4B-00C04F79EFBC}") = "FinancialTracker", "FinancialTracker\FinancialTracker.csproj", "{02096AD7-92C1-4416-89F3-57A8E0BF18D1}"
EndProject
Global
	GlobalSection(SolutionConfigurationPlatforms) = preSolution
		Debug|Any CPU = Debug|Any CPU
		Release|Any CPU = Release|Any CPU
	EndGlobalSection
	GlobalSection(ProjectConfigurationPlatforms) = postSolution
		{02096AD7-92C1-4416-89F3-57A8E0BF18D1}.Debug|Any CPU.ActiveCfg = Debug|Any CPU
		{02096AD7-92C1-4416-89F3-57A8E0BF18D1}.Debug|Any CPU.Build.0 = Debug|Any CPU
		{02096AD7-92C1-4416-89F3-57A8E0BF18D1}.Debug|Any CPU.Deploy.0 = Debug|Any CPU
		{02096AD7-92C1-4416-89F3-57A8E0BF18D1}.Release|Any CPU.ActiveCfg = Release|Any CPU
		{02096AD7-92C1-4416-89F3-57A8E0BF18D1}.Release|Any CPU.Build.0 = Release|Any CPU
		{02096AD7-92C1-4416-89F3-57A8E0BF18D1}.Release|Any CPU.Deploy.0 = Release|Any CPU
	EndGlobalSection
	GlobalSection(SolutionProperties) = preSolution
		HideSolutionNode = FALSE
	EndGlobalSection
	GlobalSection(ExtensibilityGlobals) = postSolution
		SolutionGuid = {2CD70115-4BD9-4930-BD84-777A41C1715E}
	EndGlobalSection
EndGlobal
